
Microsoft Visual Studio Solution File, Format Version 12.00
# Visual Studio Version 17
VisualStudioVersion = 17.8.34408.163
MinimumVisualStudioVersion = 10.0.40219.1
Project("{9A19103F-16F7-4668-BE54-9A1E7A4F7556}") = "Observability.ConsoleApp", "Observability.ConsoleApp\Observability.ConsoleApp.csproj", "{4015AB18-B5D5-4C2B-99F6-5563024B347D}"
EndProject
Project("{E53339B2-1760-4266-BCC7-CA923CBCF16C}") = "docker-compose", "docker-compose.dcproj", "{9B60E854-CF84-46F5-B0D4-3C67621DAEE1}"
EndProject
Project("{FAE04EC0-301F-11D3-BF4B-00C04F79EFBC}") = "Order.API", "Order.API\Order.API.csproj", "{E47E12D2-C01F-4C9C-AC81-6446E6463FAB}"
EndProject
Global
	GlobalSection(SolutionConfigurationPlatforms) = preSolution
		Debug|Any CPU = Debug|Any CPU
		Release|Any CPU = Release|Any CPU
	EndGlobalSection
	GlobalSection(ProjectConfigurationPlatforms) = postSolution
		{4015AB18-B5D5-4C2B-99F6-5563024B347D}.Debug|Any CPU.ActiveCfg = Debug|Any CPU
		{4015AB18-B5D5-4C2B-99F6-5563024B347D}.Debug|Any CPU.Build.0 = Debug|Any CPU
		{4015AB18-B5D5-4C2B-99F6-5563024B347D}.Release|Any CPU.ActiveCfg = Release|Any CPU
		{4015AB18-B5D5-4C2B-99F6-5563024B347D}.Release|Any CPU.Build.0 = Release|Any CPU
		{9B60E854-CF84-46F5-B0D4-3C67621DAEE1}.Debug|Any CPU.ActiveCfg = Debug|Any CPU
		{9B60E854-CF84-46F5-B0D4-3C67621DAEE1}.Debug|Any CPU.Build.0 = Debug|Any CPU
		{9B60E854-CF84-46F5-B0D4-3C67621DAEE1}.Release|Any CPU.ActiveCfg = Release|Any CPU
		{9B60E854-CF84-46F5-B0D4-3C67621DAEE1}.Release|Any CPU.Build.0 = Release|Any CPU
		{E47E12D2-C01F-4C9C-AC81-6446E6463FAB}.Debug|Any CPU.ActiveCfg = Debug|Any CPU
		{E47E12D2-C01F-4C9C-AC81-6446E6463FAB}.Debug|Any CPU.Build.0 = Debug|Any CPU
		{E47E12D2-C01F-4C9C-AC81-6446E6463FAB}.Release|Any CPU.ActiveCfg = Release|Any CPU
		{E47E12D2-C01F-4C9C-AC81-6446E6463FAB}.Release|Any CPU.Build.0 = Release|Any CPU
	EndGlobalSection
	GlobalSection(SolutionProperties) = preSolution
		HideSolutionNode = FALSE
	EndGlobalSection
	GlobalSection(ExtensibilityGlobals) = postSolution
		SolutionGuid = {F770D595-12F5-40EE-90CE-41C1BDB38F9A}
	EndGlobalSection
EndGlobal
